
Microsoft Visual Studio Solution File, Format Version 12.00
# Visual Studio Version 17
VisualStudioVersion = 17.2.32616.157
MinimumVisualStudioVersion = 10.0.40219.1
Project("{FAE04EC0-301F-11D3-BF4B-00C04F79EFBC}") = "MoviesRental", "MoviesRental\MoviesRental.csproj", "{AD5335C5-5140-47A4-8D62-76D1F91F4F02}"
EndProject
Project("{FAE04EC0-301F-11D3-BF4B-00C04F79EFBC}") = "MovieRental.Tests", "MovieRental.Tests\MovieRental.Tests.csproj", "{D0FC6492-8B4A-4CDF-AE66-B608D463A755}"
EndProject
Global
	GlobalSection(SolutionConfigurationPlatforms) = preSolution
		Debug|Any CPU = Debug|Any CPU
		Release|Any CPU = Release|Any CPU
	EndGlobalSection
	GlobalSection(ProjectConfigurationPlatforms) = postSolution
		{AD5335C5-5140-47A4-8D62-76D1F91F4F02}.Debug|Any CPU.ActiveCfg = Debug|Any CPU
		{AD5335C5-5140-47A4-8D62-76D1F91F4F02}.Debug|Any CPU.Build.0 = Debug|Any CPU
		{AD5335C5-5140-47A4-8D62-76D1F91F4F02}.Release|Any CPU.ActiveCfg = Release|Any CPU
		{AD5335C5-5140-47A4-8D62-76D1F91F4F02}.Release|Any CPU.Build.0 = Release|Any CPU
		{D0FC6492-8B4A-4CDF-AE66-B608D463A755}.Debug|Any CPU.ActiveCfg = Debug|Any CPU
		{D0FC6492-8B4A-4CDF-AE66-B608D463A755}.Debug|Any CPU.Build.0 = Debug|Any CPU
		{D0FC6492-8B4A-4CDF-AE66-B608D463A755}.Release|Any CPU.ActiveCfg = Release|Any CPU
		{D0FC6492-8B4A-4CDF-AE66-B608D463A755}.Release|Any CPU.Build.0 = Release|Any CPU
	EndGlobalSection
	GlobalSection(SolutionProperties) = preSolution
		HideSolutionNode = FALSE
	EndGlobalSection
	GlobalSection(ExtensibilityGlobals) = postSolution
		SolutionGuid = {D8327B95-F56F-4C13-8145-C655388F2007}
	EndGlobalSection
EndGlobal
